
Microsoft Visual Studio Solution File, Format Version 12.00
# Visual Studio Version 17
VisualStudioVersion = 17.0.32112.339
MinimumVisualStudioVersion = 10.0.40219.1
Project("{2150E333-8FDC-42A3-9474-1A3956D46DE8}") = "Solution Items", "Solution Items", "{28028BAF-0953-487A-A547-86104991627C}"
	ProjectSection(SolutionItems) = preProject
		.editorconfig = .editorconfig
		docker-commands.txt = docker-commands.txt
	EndProjectSection
EndProject
Project("{2150E333-8FDC-42A3-9474-1A3956D46DE8}") = "src", "src", "{87E147C7-98DD-4834-8B81-FB78A8C5510B}"
EndProject
Project("{9A19103F-16F7-4668-BE54-9A1E7A4F7556}") = "Boozor.Components", "src\Boozor.Components\Boozor.Components.csproj", "{DD0959EA-0413-4779-B5BD-E92B0B9D0EC4}"
EndProject
Project("{2150E333-8FDC-42A3-9474-1A3956D46DE8}") = "example", "example", "{4D6CA461-2C54-4A1C-8C78-2A32B93E643A}"
EndProject
Project("{9A19103F-16F7-4668-BE54-9A1E7A4F7556}") = "Example.Server", "example\Server\Example.Server.csproj", "{B4F70499-AC14-47B8-B920-92FF32406C1F}"
EndProject
Project("{9A19103F-16F7-4668-BE54-9A1E7A4F7556}") = "Example.Client", "example\Client\Example.Client.csproj", "{0EAB9548-B6FA-48F5-A9D8-71DEC1FA2A36}"
EndProject
Project("{9A19103F-16F7-4668-BE54-9A1E7A4F7556}") = "Example.Shared", "example\Shared\Example.Shared.csproj", "{3F5FB8DA-2723-4A78-B2BE-5F2BB8913736}"
EndProject
Project("{FAE04EC0-301F-11D3-BF4B-00C04F79EFBC}") = "Boozor.Server", "src\Boozor.Server\Boozor.Server.csproj", "{9EA422F4-2801-44B2-A679-30BDA638BA5D}"
EndProject
Project("{FAE04EC0-301F-11D3-BF4B-00C04F79EFBC}") = "Boozor.Shared", "src\Boozor.Shared\Boozor.Shared.csproj", "{34CFF64D-64DC-402E-8661-55B3B69DB707}"
EndProject
Project("{FAE04EC0-301F-11D3-BF4B-00C04F79EFBC}") = "Boozor.Data.Cosmos", "src\Boozor.Data.Cosmos\Boozor.Data.Cosmos.csproj", "{40BFCA6E-FA9A-4E78-8AEA-22F7F8B9F1FF}"
EndProject
Project("{FAE04EC0-301F-11D3-BF4B-00C04F79EFBC}") = "Boozor.Data", "src\Boozor.Data\Boozor.Data.csproj", "{814C3B6E-D23A-4A3A-8C4E-AC185454E1B9}"
EndProject
Project("{2150E333-8FDC-42A3-9474-1A3956D46DE8}") = "tests", "tests", "{CD1EC33A-C89B-4F10-B9C2-E4ED3F411C14}"
EndProject
Project("{FAE04EC0-301F-11D3-BF4B-00C04F79EFBC}") = "Boozor.Shared.Tests", "tests\Boozor.Shared.Tests\Boozor.Shared.Tests.csproj", "{BD002BED-EB4F-4B9F-9799-DD9A727540AC}"
EndProject
Project("{FAE04EC0-301F-11D3-BF4B-00C04F79EFBC}") = "Boozor.Data.InMemory", "src\Boozor.Data.InMemory\Boozor.Data.InMemory.csproj", "{1ACD436D-52D5-42A1-9DEE-515B1528282E}"
EndProject
Project("{FAE04EC0-301F-11D3-BF4B-00C04F79EFBC}") = "Boozor.Extensions.Data.InMemory", "src\Boozor.Extensions.Data.InMemory\Boozor.Extensions.Data.InMemory.csproj", "{6ACB9560-F85C-4A09-85F3-B5BA45347ABB}"
EndProject
Project("{FAE04EC0-301F-11D3-BF4B-00C04F79EFBC}") = "Boozor.Server.IntegrationTests", "tests\Boozor.Server.IntegrationTests\Boozor.Server.IntegrationTests.csproj", "{5DF4AD26-75F7-42A7-A4C2-2271F421E69C}"
EndProject
Global
	GlobalSection(SolutionConfigurationPlatforms) = preSolution
		Debug|Any CPU = Debug|Any CPU
		Release|Any CPU = Release|Any CPU
	EndGlobalSection
	GlobalSection(ProjectConfigurationPlatforms) = postSolution
		{DD0959EA-0413-4779-B5BD-E92B0B9D0EC4}.Debug|Any CPU.ActiveCfg = Debug|Any CPU
		{DD0959EA-0413-4779-B5BD-E92B0B9D0EC4}.Debug|Any CPU.Build.0 = Debug|Any CPU
		{DD0959EA-0413-4779-B5BD-E92B0B9D0EC4}.Release|Any CPU.ActiveCfg = Release|Any CPU
		{DD0959EA-0413-4779-B5BD-E92B0B9D0EC4}.Release|Any CPU.Build.0 = Release|Any CPU
		{B4F70499-AC14-47B8-B920-92FF32406C1F}.Debug|Any CPU.ActiveCfg = Debug|Any CPU
		{B4F70499-AC14-47B8-B920-92FF32406C1F}.Debug|Any CPU.Build.0 = Debug|Any CPU
		{B4F70499-AC14-47B8-B920-92FF32406C1F}.Release|Any CPU.ActiveCfg = Release|Any CPU
		{B4F70499-AC14-47B8-B920-92FF32406C1F}.Release|Any CPU.Build.0 = Release|Any CPU
		{0EAB9548-B6FA-48F5-A9D8-71DEC1FA2A36}.Debug|Any CPU.ActiveCfg = Debug|Any CPU
		{0EAB9548-B6FA-48F5-A9D8-71DEC1FA2A36}.Debug|Any CPU.Build.0 = Debug|Any CPU
		{0EAB9548-B6FA-48F5-A9D8-71DEC1FA2A36}.Release|Any CPU.ActiveCfg = Release|Any CPU
		{0EAB9548-B6FA-48F5-A9D8-71DEC1FA2A36}.Release|Any CPU.Build.0 = Release|Any CPU
		{3F5FB8DA-2723-4A78-B2BE-5F2BB8913736}.Debug|Any CPU.ActiveCfg = Debug|Any CPU
		{3F5FB8DA-2723-4A78-B2BE-5F2BB8913736}.Debug|Any CPU.Build.0 = Debug|Any CPU
		{3F5FB8DA-2723-4A78-B2BE-5F2BB8913736}.Release|Any CPU.ActiveCfg = Release|Any CPU
		{3F5FB8DA-2723-4A78-B2BE-5F2BB8913736}.Release|Any CPU.Build.0 = Release|Any CPU
		{0129DBFA-D6C1-4CA3-B8B5-AECA2AA439FA}.Debug|Any CPU.ActiveCfg = Debug|Any CPU
		{0129DBFA-D6C1-4CA3-B8B5-AECA2AA439FA}.Debug|Any CPU.Build.0 = Debug|Any CPU
		{0129DBFA-D6C1-4CA3-B8B5-AECA2AA439FA}.Release|Any CPU.ActiveCfg = Release|Any CPU
		{0129DBFA-D6C1-4CA3-B8B5-AECA2AA439FA}.Release|Any CPU.Build.0 = Release|Any CPU
		{9EA422F4-2801-44B2-A679-30BDA638BA5D}.Debug|Any CPU.ActiveCfg = Debug|Any CPU
		{9EA422F4-2801-44B2-A679-30BDA638BA5D}.Debug|Any CPU.Build.0 = Debug|Any CPU
		{9EA422F4-2801-44B2-A679-30BDA638BA5D}.Release|Any CPU.ActiveCfg = Release|Any CPU
		{9EA422F4-2801-44B2-A679-30BDA638BA5D}.Release|Any CPU.Build.0 = Release|Any CPU
		{34CFF64D-64DC-402E-8661-55B3B69DB707}.Debug|Any CPU.ActiveCfg = Debug|Any CPU
		{34CFF64D-64DC-402E-8661-55B3B69DB707}.Debug|Any CPU.Build.0 = Debug|Any CPU
		{34CFF64D-64DC-402E-8661-55B3B69DB707}.Release|Any CPU.ActiveCfg = Release|Any CPU
		{34CFF64D-64DC-402E-8661-55B3B69DB707}.Release|Any CPU.Build.0 = Release|Any CPU
		{40BFCA6E-FA9A-4E78-8AEA-22F7F8B9F1FF}.Debug|Any CPU.ActiveCfg = Debug|Any CPU
		{40BFCA6E-FA9A-4E78-8AEA-22F7F8B9F1FF}.Debug|Any CPU.Build.0 = Debug|Any CPU
		{40BFCA6E-FA9A-4E78-8AEA-22F7F8B9F1FF}.Release|Any CPU.ActiveCfg = Release|Any CPU
		{40BFCA6E-FA9A-4E78-8AEA-22F7F8B9F1FF}.Release|Any CPU.Build.0 = Release|Any CPU
		{DA6BA315-2F08-4D5D-A984-0F8B9F576605}.Debug|Any CPU.ActiveCfg = Debug|Any CPU
		{DA6BA315-2F08-4D5D-A984-0F8B9F576605}.Debug|Any CPU.Build.0 = Debug|Any CPU
		{DA6BA315-2F08-4D5D-A984-0F8B9F576605}.Release|Any CPU.ActiveCfg = Release|Any CPU
		{DA6BA315-2F08-4D5D-A984-0F8B9F576605}.Release|Any CPU.Build.0 = Release|Any CPU
		{814C3B6E-D23A-4A3A-8C4E-AC185454E1B9}.Debug|Any CPU.ActiveCfg = Debug|Any CPU
		{814C3B6E-D23A-4A3A-8C4E-AC185454E1B9}.Debug|Any CPU.Build.0 = Debug|Any CPU
		{814C3B6E-D23A-4A3A-8C4E-AC185454E1B9}.Release|Any CPU.ActiveCfg = Release|Any CPU
		{814C3B6E-D23A-4A3A-8C4E-AC185454E1B9}.Release|Any CPU.Build.0 = Release|Any CPU
		{BD002BED-EB4F-4B9F-9799-DD9A727540AC}.Debug|Any CPU.ActiveCfg = Debug|Any CPU
		{BD002BED-EB4F-4B9F-9799-DD9A727540AC}.Debug|Any CPU.Build.0 = Debug|Any CPU
		{BD002BED-EB4F-4B9F-9799-DD9A727540AC}.Release|Any CPU.ActiveCfg = Release|Any CPU
		{BD002BED-EB4F-4B9F-9799-DD9A727540AC}.Release|Any CPU.Build.0 = Release|Any CPU
		{1ACD436D-52D5-42A1-9DEE-515B1528282E}.Debug|Any CPU.ActiveCfg = Debug|Any CPU
		{1ACD436D-52D5-42A1-9DEE-515B1528282E}.Debug|Any CPU.Build.0 = Debug|Any CPU
		{1ACD436D-52D5-42A1-9DEE-515B1528282E}.Release|Any CPU.ActiveCfg = Release|Any CPU
		{1ACD436D-52D5-42A1-9DEE-515B1528282E}.Release|Any CPU.Build.0 = Release|Any CPU
		{6ACB9560-F85C-4A09-85F3-B5BA45347ABB}.Debug|Any CPU.ActiveCfg = Debug|Any CPU
		{6ACB9560-F85C-4A09-85F3-B5BA45347ABB}.Debug|Any CPU.Build.0 = Debug|Any CPU
		{6ACB9560-F85C-4A09-85F3-B5BA45347ABB}.Release|Any CPU.ActiveCfg = Release|Any CPU
		{6ACB9560-F85C-4A09-85F3-B5BA45347ABB}.Release|Any CPU.Build.0 = Release|Any CPU
		{5DF4AD26-75F7-42A7-A4C2-2271F421E69C}.Debug|Any CPU.ActiveCfg = Debug|Any CPU
		{5DF4AD26-75F7-42A7-A4C2-2271F421E69C}.Debug|Any CPU.Build.0 = Debug|Any CPU
		{5DF4AD26-75F7-42A7-A4C2-2271F421E69C}.Release|Any CPU.ActiveCfg = Release|Any CPU
		{5DF4AD26-75F7-42A7-A4C2-2271F421E69C}.Release|Any CPU.Build.0 = Release|Any CPU
	EndGlobalSection
	GlobalSection(SolutionProperties) = preSolution
		HideSolutionNode = FALSE
	EndGlobalSection
	GlobalSection(NestedProjects) = preSolution
		{DD0959EA-0413-4779-B5BD-E92B0B9D0EC4} = {87E147C7-98DD-4834-8B81-FB78A8C5510B}
		{B4F70499-AC14-47B8-B920-92FF32406C1F} = {4D6CA461-2C54-4A1C-8C78-2A32B93E643A}
		{0EAB9548-B6FA-48F5-A9D8-71DEC1FA2A36} = {4D6CA461-2C54-4A1C-8C78-2A32B93E643A}
		{3F5FB8DA-2723-4A78-B2BE-5F2BB8913736} = {4D6CA461-2C54-4A1C-8C78-2A32B93E643A}
		{9EA422F4-2801-44B2-A679-30BDA638BA5D} = {87E147C7-98DD-4834-8B81-FB78A8C5510B}
		{34CFF64D-64DC-402E-8661-55B3B69DB707} = {87E147C7-98DD-4834-8B81-FB78A8C5510B}
		{40BFCA6E-FA9A-4E78-8AEA-22F7F8B9F1FF} = {87E147C7-98DD-4834-8B81-FB78A8C5510B}
		{814C3B6E-D23A-4A3A-8C4E-AC185454E1B9} = {87E147C7-98DD-4834-8B81-FB78A8C5510B}
		{BD002BED-EB4F-4B9F-9799-DD9A727540AC} = {CD1EC33A-C89B-4F10-B9C2-E4ED3F411C14}
		{1ACD436D-52D5-42A1-9DEE-515B1528282E} = {87E147C7-98DD-4834-8B81-FB78A8C5510B}
		{6ACB9560-F85C-4A09-85F3-B5BA45347ABB} = {87E147C7-98DD-4834-8B81-FB78A8C5510B}
		{5DF4AD26-75F7-42A7-A4C2-2271F421E69C} = {CD1EC33A-C89B-4F10-B9C2-E4ED3F411C14}
	EndGlobalSection
	GlobalSection(ExtensibilityGlobals) = postSolution
		SolutionGuid = {900763AB-50AA-498B-AD71-D98155971121}
	EndGlobalSection
EndGlobal
